// !$*UTF8*$!
{
	archiveVersion = 1;
	classes = {
	};
	objectVersion = 46;
	objects = {

/* Begin PBXBuildFile section */
		861CC528F74AD87E4D4CA8D8 /* Pods.framework in Frameworks */ = {isa = PBXBuildFile; fileRef = 0707CDDA7F84CBCC8EB274DD /* Pods.framework */; };
		D83E8D991BFF595700477D2A /* LocationVisitsController.swift in Sources */ = {isa = PBXBuildFile; fileRef = D83E8D981BFF595700477D2A /* LocationVisitsController.swift */; };
		D83E8D9B1BFF597100477D2A /* MapKit.framework in Frameworks */ = {isa = PBXBuildFile; fileRef = D83E8D9A1BFF597100477D2A /* MapKit.framework */; };
		D83E8DA51BFF5E6A00477D2A /* LocationVisitCell.swift in Sources */ = {isa = PBXBuildFile; fileRef = D83E8DA41BFF5E6A00477D2A /* LocationVisitCell.swift */; };
		D841432B1C00D3E800AFCC67 /* DayLocationInfo.swift in Sources */ = {isa = PBXBuildFile; fileRef = D841432A1C00D3E800AFCC67 /* DayLocationInfo.swift */; };
		D84143371C00DE1A00AFCC67 /* LocationMapController.swift in Sources */ = {isa = PBXBuildFile; fileRef = D84143361C00DE1A00AFCC67 /* LocationMapController.swift */; };
		D87CC3F31C129607005666E4 /* LocationVisitCell.swift in Sources */ = {isa = PBXBuildFile; fileRef = D83E8DA41BFF5E6A00477D2A /* LocationVisitCell.swift */; };
		D87CC3F61C129607005666E4 /* LocationVisitsController.swift in Sources */ = {isa = PBXBuildFile; fileRef = D83E8D981BFF595700477D2A /* LocationVisitsController.swift */; };
		D87CC3F91C129607005666E4 /* BaseAppDelegate.swift in Sources */ = {isa = PBXBuildFile; fileRef = D8FC0A4D1BFF570D00AB660A /* BaseAppDelegate.swift */; };
		D87CC3FA1C129607005666E4 /* LocationMapController.swift in Sources */ = {isa = PBXBuildFile; fileRef = D84143361C00DE1A00AFCC67 /* LocationMapController.swift */; };
		D87CC3FC1C129607005666E4 /* MapKit.framework in Frameworks */ = {isa = PBXBuildFile; fileRef = D83E8D9A1BFF597100477D2A /* MapKit.framework */; };
		D87CC4011C129607005666E4 /* Main.storyboard in Resources */ = {isa = PBXBuildFile; fileRef = D8FC0A511BFF570D00AB660A /* Main.storyboard */; };
		D87D52901C12AA36000F345D /* LaunchScreen.storyboard in Resources */ = {isa = PBXBuildFile; fileRef = D87D528F1C12AA36000F345D /* LaunchScreen.storyboard */; };
		D87D52971C12AF48000F345D /* Assets-Shared.xcassets in Resources */ = {isa = PBXBuildFile; fileRef = D8FC0A541BFF570D00AB660A /* Assets-Shared.xcassets */; };
		D87D52981C12AF59000F345D /* Assets-Shared.xcassets in Resources */ = {isa = PBXBuildFile; fileRef = D8FC0A541BFF570D00AB660A /* Assets-Shared.xcassets */; };
		D87D52991C12AF5A000F345D /* Assets-Shared.xcassets in Resources */ = {isa = PBXBuildFile; fileRef = D8FC0A541BFF570D00AB660A /* Assets-Shared.xcassets */; };
		D87D529A1C12AF5B000F345D /* Assets-Shared.xcassets in Resources */ = {isa = PBXBuildFile; fileRef = D8FC0A541BFF570D00AB660A /* Assets-Shared.xcassets */; };
		D87DFD1E1C12A35F00F8E721 /* LocationVisitCell.swift in Sources */ = {isa = PBXBuildFile; fileRef = D83E8DA41BFF5E6A00477D2A /* LocationVisitCell.swift */; };
		D87DFD211C12A35F00F8E721 /* LocationVisitsController.swift in Sources */ = {isa = PBXBuildFile; fileRef = D83E8D981BFF595700477D2A /* LocationVisitsController.swift */; };
		D87DFD241C12A35F00F8E721 /* BaseAppDelegate.swift in Sources */ = {isa = PBXBuildFile; fileRef = D8FC0A4D1BFF570D00AB660A /* BaseAppDelegate.swift */; };
		D87DFD251C12A35F00F8E721 /* LocationMapController.swift in Sources */ = {isa = PBXBuildFile; fileRef = D84143361C00DE1A00AFCC67 /* LocationMapController.swift */; };
		D87DFD271C12A35F00F8E721 /* MapKit.framework in Frameworks */ = {isa = PBXBuildFile; fileRef = D83E8D9A1BFF597100477D2A /* MapKit.framework */; };
		D87DFD2C1C12A35F00F8E721 /* Main.storyboard in Resources */ = {isa = PBXBuildFile; fileRef = D8FC0A511BFF570D00AB660A /* Main.storyboard */; };
		D87DFD371C12A38F00F8E721 /* LocationVisitCell.swift in Sources */ = {isa = PBXBuildFile; fileRef = D83E8DA41BFF5E6A00477D2A /* LocationVisitCell.swift */; };
		D87DFD3A1C12A38F00F8E721 /* LocationVisitsController.swift in Sources */ = {isa = PBXBuildFile; fileRef = D83E8D981BFF595700477D2A /* LocationVisitsController.swift */; };
		D87DFD3D1C12A38F00F8E721 /* BaseAppDelegate.swift in Sources */ = {isa = PBXBuildFile; fileRef = D8FC0A4D1BFF570D00AB660A /* BaseAppDelegate.swift */; };
		D87DFD3E1C12A38F00F8E721 /* LocationMapController.swift in Sources */ = {isa = PBXBuildFile; fileRef = D84143361C00DE1A00AFCC67 /* LocationMapController.swift */; };
		D87DFD401C12A38F00F8E721 /* MapKit.framework in Frameworks */ = {isa = PBXBuildFile; fileRef = D83E8D9A1BFF597100477D2A /* MapKit.framework */; };
		D87DFD451C12A38F00F8E721 /* Main.storyboard in Resources */ = {isa = PBXBuildFile; fileRef = D8FC0A511BFF570D00AB660A /* Main.storyboard */; };
		D89A1F771C1350E900CEBF53 /* AppDelegate.swift in Sources */ = {isa = PBXBuildFile; fileRef = D89A1F761C1350E900CEBF53 /* AppDelegate.swift */; };
		D89A1F7B1C13666800CEBF53 /* BaseLocationItem.swift in Sources */ = {isa = PBXBuildFile; fileRef = D841433A1C01110100AFCC67 /* BaseLocationItem.swift */; };
		D89A1F7C1C13675800CEBF53 /* BaseLocationItem.swift in Sources */ = {isa = PBXBuildFile; fileRef = D841433A1C01110100AFCC67 /* BaseLocationItem.swift */; };
		D89A1F7D1C13675800CEBF53 /* BaseLocationItem.swift in Sources */ = {isa = PBXBuildFile; fileRef = D841433A1C01110100AFCC67 /* BaseLocationItem.swift */; };
		D89A1F7E1C13675900CEBF53 /* BaseLocationItem.swift in Sources */ = {isa = PBXBuildFile; fileRef = D841433A1C01110100AFCC67 /* BaseLocationItem.swift */; };
		D89A1F7F1C13675C00CEBF53 /* DayLocationInfo.swift in Sources */ = {isa = PBXBuildFile; fileRef = D841432A1C00D3E800AFCC67 /* DayLocationInfo.swift */; };
		D89A1F801C13675D00CEBF53 /* DayLocationInfo.swift in Sources */ = {isa = PBXBuildFile; fileRef = D841432A1C00D3E800AFCC67 /* DayLocationInfo.swift */; };
		D89A1F811C13675E00CEBF53 /* DayLocationInfo.swift in Sources */ = {isa = PBXBuildFile; fileRef = D841432A1C00D3E800AFCC67 /* DayLocationInfo.swift */; };
		D89A1F831C13681C00CEBF53 /* LocationItem.swift in Sources */ = {isa = PBXBuildFile; fileRef = D89A1F821C13681C00CEBF53 /* LocationItem.swift */; };
		D89A1F881C138FF700CEBF53 /* LocationItem.swift in Sources */ = {isa = PBXBuildFile; fileRef = D89A1F851C138FE600CEBF53 /* LocationItem.swift */; };
		D89A1F891C138FFC00CEBF53 /* AppDelegate.swift in Sources */ = {isa = PBXBuildFile; fileRef = D89A1F841C138FE600CEBF53 /* AppDelegate.swift */; };
		D89A1F8C1C13A58A00CEBF53 /* parkour.framework in Frameworks */ = {isa = PBXBuildFile; fileRef = D89A1F8A1C13A58300CEBF53 /* parkour.framework */; };
		D89A1F911C13A70500CEBF53 /* AppDelegate.swift in Sources */ = {isa = PBXBuildFile; fileRef = D89A1F8D1C13A6FF00CEBF53 /* AppDelegate.swift */; };
		D89A1F921C13A70800CEBF53 /* LocationItem.swift in Sources */ = {isa = PBXBuildFile; fileRef = D89A1F8E1C13A6FF00CEBF53 /* LocationItem.swift */; };
		D89A1F951C13AA2F00CEBF53 /* AdSupport.framework in Frameworks */ = {isa = PBXBuildFile; fileRef = D89A1F941C13AA2F00CEBF53 /* AdSupport.framework */; };
		D8C6E7201C131D5800F0C209 /* LaunchScreen.storyboard in Resources */ = {isa = PBXBuildFile; fileRef = D8C6E71D1C131D5200F0C209 /* LaunchScreen.storyboard */; };
		D8C6E7231C131F6000F0C209 /* LaunchScreen.storyboard in Resources */ = {isa = PBXBuildFile; fileRef = D8C6E7191C131BB400F0C209 /* LaunchScreen.storyboard */; };
		D8C6E7361C1332D900F0C209 /* LaunchScreen.storyboard in Resources */ = {isa = PBXBuildFile; fileRef = D8C6E7271C13217E00F0C209 /* LaunchScreen.storyboard */; };
		D8F3DFDD1C13129D00EA0F16 /* Assets-AppleVisits.xcassets in Resources */ = {isa = PBXBuildFile; fileRef = D8F3DFDC1C13129D00EA0F16 /* Assets-AppleVisits.xcassets */; };
		D8F3DFDF1C1313F300EA0F16 /* Assets-Sense360.xcassets in Resources */ = {isa = PBXBuildFile; fileRef = D8F3DFDE1C1313F300EA0F16 /* Assets-Sense360.xcassets */; };
		D8F3DFE11C1314CA00EA0F16 /* Assets-ParkourMethod.xcassets in Resources */ = {isa = PBXBuildFile; fileRef = D8F3DFE01C1314CA00EA0F16 /* Assets-ParkourMethod.xcassets */; };
		D8F3DFE41C13178200EA0F16 /* Assets-LocationKit.xcassets in Resources */ = {isa = PBXBuildFile; fileRef = D8F3DFE31C13178200EA0F16 /* Assets-LocationKit.xcassets */; };
		D8FC0A4E1BFF570D00AB660A /* BaseAppDelegate.swift in Sources */ = {isa = PBXBuildFile; fileRef = D8FC0A4D1BFF570D00AB660A /* BaseAppDelegate.swift */; };
		D8FC0A531BFF570D00AB660A /* Main.storyboard in Resources */ = {isa = PBXBuildFile; fileRef = D8FC0A511BFF570D00AB660A /* Main.storyboard */; };
/* End PBXBuildFile section */

/* Begin PBXFileReference section */
		0707CDDA7F84CBCC8EB274DD /* Pods.framework */ = {isa = PBXFileReference; explicitFileType = wrapper.framework; includeInIndex = 0; path = Pods.framework; sourceTree = BUILT_PRODUCTS_DIR; };
		A9A947C858EDC481A3C6EFB2 /* Pods.debug.xcconfig */ = {isa = PBXFileReference; includeInIndex = 1; lastKnownFileType = text.xcconfig; name = Pods.debug.xcconfig; path = "Pods/Target Support Files/Pods/Pods.debug.xcconfig"; sourceTree = "<group>"; };
		B33730A44457B6BA9BB710A2 /* Pods.release.xcconfig */ = {isa = PBXFileReference; includeInIndex = 1; lastKnownFileType = text.xcconfig; name = Pods.release.xcconfig; path = "Pods/Target Support Files/Pods/Pods.release.xcconfig"; sourceTree = "<group>"; };
		D83E8D981BFF595700477D2A /* LocationVisitsController.swift */ = {isa = PBXFileReference; fileEncoding = 4; lastKnownFileType = sourcecode.swift; path = LocationVisitsController.swift; sourceTree = "<group>"; };
		D83E8D9A1BFF597100477D2A /* MapKit.framework */ = {isa = PBXFileReference; lastKnownFileType = wrapper.framework; name = MapKit.framework; path = System/Library/Frameworks/MapKit.framework; sourceTree = SDKROOT; };
		D83E8D9C1BFF59BD00477D2A /* Bridging-Header.h */ = {isa = PBXFileReference; lastKnownFileType = sourcecode.c.h; name = "Bridging-Header.h"; path = "LocationKit/Bridging-Header.h"; sourceTree = SOURCE_ROOT; };
		D83E8DA41BFF5E6A00477D2A /* LocationVisitCell.swift */ = {isa = PBXFileReference; fileEncoding = 4; lastKnownFileType = sourcecode.swift; path = LocationVisitCell.swift; sourceTree = "<group>"; };
		D83E8DA91BFF673B00477D2A /* Pods.framework */ = {isa = PBXFileReference; lastKnownFileType = wrapper.framework; name = Pods.framework; path = "Pods/../build/Debug-iphoneos/Pods.framework"; sourceTree = "<group>"; };
		D83E8DAB1BFF674200477D2A /* Pods.framework */ = {isa = PBXFileReference; lastKnownFileType = wrapper.framework; name = Pods.framework; path = "Pods/../build/Debug-iphoneos/Pods.framework"; sourceTree = "<group>"; };
		D841432A1C00D3E800AFCC67 /* DayLocationInfo.swift */ = {isa = PBXFileReference; fileEncoding = 4; lastKnownFileType = sourcecode.swift; path = DayLocationInfo.swift; sourceTree = "<group>"; };
		D84143361C00DE1A00AFCC67 /* LocationMapController.swift */ = {isa = PBXFileReference; fileEncoding = 4; lastKnownFileType = sourcecode.swift; path = LocationMapController.swift; sourceTree = "<group>"; };
		D841433A1C01110100AFCC67 /* BaseLocationItem.swift */ = {isa = PBXFileReference; fileEncoding = 4; lastKnownFileType = sourcecode.swift; path = BaseLocationItem.swift; sourceTree = "<group>"; };
		D87CC4071C129607005666E4 /* AppleVisitsApp.app */ = {isa = PBXFileReference; explicitFileType = wrapper.application; includeInIndex = 0; path = AppleVisitsApp.app; sourceTree = BUILT_PRODUCTS_DIR; };
		D87CC4081C129607005666E4 /* Info.plist */ = {isa = PBXFileReference; lastKnownFileType = text.plist.xml; name = Info.plist; path = "/Users/msanford/Documents/Projects/socialradar/iOS-App/AppleVisits/Info.plist"; sourceTree = "<absolute>"; };
		D87D528F1C12AA36000F345D /* LaunchScreen.storyboard */ = {isa = PBXFileReference; fileEncoding = 4; lastKnownFileType = file.storyboard; name = LaunchScreen.storyboard; path = Base.lproj/LaunchScreen.storyboard; sourceTree = "<group>"; };
		D87DFD321C12A35F00F8E721 /* Sense360App.app */ = {isa = PBXFileReference; explicitFileType = wrapper.application; includeInIndex = 0; path = Sense360App.app; sourceTree = BUILT_PRODUCTS_DIR; };
		D87DFD331C12A35F00F8E721 /* Info.plist */ = {isa = PBXFileReference; lastKnownFileType = text.plist.xml; name = Info.plist; path = "/Users/msanford/Documents/Projects/socialradar/iOS-App/Sense360/Info.plist"; sourceTree = "<absolute>"; };
		D87DFD4B1C12A38F00F8E721 /* ParkourMethodApp.app */ = {isa = PBXFileReference; explicitFileType = wrapper.application; includeInIndex = 0; path = ParkourMethodApp.app; sourceTree = BUILT_PRODUCTS_DIR; };
		D87DFD4C1C12A38F00F8E721 /* Info.plist */ = {isa = PBXFileReference; lastKnownFileType = text.plist.xml; name = Info.plist; path = "/Users/msanford/Documents/Projects/socialradar/iOS-App/ParkourMethod/Info.plist"; sourceTree = "<absolute>"; };
		D89A1F761C1350E900CEBF53 /* AppDelegate.swift */ = {isa = PBXFileReference; fileEncoding = 4; lastKnownFileType = sourcecode.swift; path = AppDelegate.swift; sourceTree = "<group>"; };
		D89A1F821C13681C00CEBF53 /* LocationItem.swift */ = {isa = PBXFileReference; fileEncoding = 4; lastKnownFileType = sourcecode.swift; path = LocationItem.swift; sourceTree = "<group>"; };
		D89A1F841C138FE600CEBF53 /* AppDelegate.swift */ = {isa = PBXFileReference; fileEncoding = 4; lastKnownFileType = sourcecode.swift; path = AppDelegate.swift; sourceTree = "<group>"; };
		D89A1F851C138FE600CEBF53 /* LocationItem.swift */ = {isa = PBXFileReference; fileEncoding = 4; lastKnownFileType = sourcecode.swift; path = LocationItem.swift; sourceTree = "<group>"; };
		D89A1F8A1C13A58300CEBF53 /* parkour.framework */ = {isa = PBXFileReference; lastKnownFileType = wrapper.framework; path = parkour.framework; sourceTree = "<group>"; };
		D89A1F8D1C13A6FF00CEBF53 /* AppDelegate.swift */ = {isa = PBXFileReference; fileEncoding = 4; lastKnownFileType = sourcecode.swift; path = AppDelegate.swift; sourceTree = "<group>"; };
		D89A1F8E1C13A6FF00CEBF53 /* LocationItem.swift */ = {isa = PBXFileReference; fileEncoding = 4; lastKnownFileType = sourcecode.swift; path = LocationItem.swift; sourceTree = "<group>"; };
		D89A1F931C13A7D100CEBF53 /* Bridging-Header.h */ = {isa = PBXFileReference; fileEncoding = 4; lastKnownFileType = sourcecode.c.h; path = "Bridging-Header.h"; sourceTree = "<group>"; };
		D89A1F941C13AA2F00CEBF53 /* AdSupport.framework */ = {isa = PBXFileReference; lastKnownFileType = wrapper.framework; name = AdSupport.framework; path = System/Library/Frameworks/AdSupport.framework; sourceTree = SDKROOT; };
		D8C6E71A1C131BB400F0C209 /* Base */ = {isa = PBXFileReference; lastKnownFileType = file.storyboard; name = Base; path = Base.lproj/LaunchScreen.storyboard; sourceTree = "<group>"; };
		D8C6E71E1C131D5200F0C209 /* Base */ = {isa = PBXFileReference; lastKnownFileType = file.storyboard; name = Base; path = Base.lproj/LaunchScreen.storyboard; sourceTree = "<group>"; };
		D8C6E7281C13217F00F0C209 /* Base */ = {isa = PBXFileReference; lastKnownFileType = file.storyboard; name = Base; path = Base.lproj/LaunchScreen.storyboard; sourceTree = "<group>"; };
		D8F3DFDC1C13129D00EA0F16 /* Assets-AppleVisits.xcassets */ = {isa = PBXFileReference; lastKnownFileType = folder.assetcatalog; path = "Assets-AppleVisits.xcassets"; sourceTree = "<group>"; };
		D8F3DFDE1C1313F300EA0F16 /* Assets-Sense360.xcassets */ = {isa = PBXFileReference; lastKnownFileType = folder.assetcatalog; path = "Assets-Sense360.xcassets"; sourceTree = "<group>"; };
		D8F3DFE01C1314CA00EA0F16 /* Assets-ParkourMethod.xcassets */ = {isa = PBXFileReference; lastKnownFileType = folder.assetcatalog; path = "Assets-ParkourMethod.xcassets"; sourceTree = "<group>"; };
		D8F3DFE31C13178200EA0F16 /* Assets-LocationKit.xcassets */ = {isa = PBXFileReference; lastKnownFileType = folder.assetcatalog; path = "Assets-LocationKit.xcassets"; sourceTree = "<group>"; };
		D8FC0A4A1BFF570D00AB660A /* LocationKitApp.app */ = {isa = PBXFileReference; explicitFileType = wrapper.application; includeInIndex = 0; path = LocationKitApp.app; sourceTree = BUILT_PRODUCTS_DIR; };
		D8FC0A4D1BFF570D00AB660A /* BaseAppDelegate.swift */ = {isa = PBXFileReference; lastKnownFileType = sourcecode.swift; path = BaseAppDelegate.swift; sourceTree = "<group>"; };
		D8FC0A521BFF570D00AB660A /* Base */ = {isa = PBXFileReference; lastKnownFileType = file.storyboard; name = Base; path = Base.lproj/Main.storyboard; sourceTree = "<group>"; };
		D8FC0A541BFF570D00AB660A /* Assets-Shared.xcassets */ = {isa = PBXFileReference; lastKnownFileType = folder.assetcatalog; path = "Assets-Shared.xcassets"; sourceTree = "<group>"; };
		D8FC0A591BFF570D00AB660A /* Info.plist */ = {isa = PBXFileReference; lastKnownFileType = text.plist.xml; path = Info.plist; sourceTree = "<group>"; };
/* End PBXFileReference section */

/* Begin PBXFrameworksBuildPhase section */
		D87CC3FB1C129607005666E4 /* Frameworks */ = {
			isa = PBXFrameworksBuildPhase;
			buildActionMask = 2147483647;
			files = (
				D87CC3FC1C129607005666E4 /* MapKit.framework in Frameworks */,
			);
			runOnlyForDeploymentPostprocessing = 0;
		};
		D87DFD261C12A35F00F8E721 /* Frameworks */ = {
			isa = PBXFrameworksBuildPhase;
			buildActionMask = 2147483647;
			files = (
				D87DFD271C12A35F00F8E721 /* MapKit.framework in Frameworks */,
			);
			runOnlyForDeploymentPostprocessing = 0;
		};
		D87DFD3F1C12A38F00F8E721 /* Frameworks */ = {
			isa = PBXFrameworksBuildPhase;
			buildActionMask = 2147483647;
			files = (
				D87DFD401C12A38F00F8E721 /* MapKit.framework in Frameworks */,
				D89A1F8C1C13A58A00CEBF53 /* parkour.framework in Frameworks */,
				D89A1F951C13AA2F00CEBF53 /* AdSupport.framework in Frameworks */,
			);
			runOnlyForDeploymentPostprocessing = 0;
		};
		D8FC0A471BFF570D00AB660A /* Frameworks */ = {
			isa = PBXFrameworksBuildPhase;
			buildActionMask = 2147483647;
			files = (
				D83E8D9B1BFF597100477D2A /* MapKit.framework in Frameworks */,
				861CC528F74AD87E4D4CA8D8 /* Pods.framework in Frameworks */,
			);
			runOnlyForDeploymentPostprocessing = 0;
		};
/* End PBXFrameworksBuildPhase section */

/* Begin PBXGroup section */
		D84143401C014BD700AFCC67 /* User Interface */ = {
			isa = PBXGroup;
			children = (
				D84143361C00DE1A00AFCC67 /* LocationMapController.swift */,
				D83E8D981BFF595700477D2A /* LocationVisitsController.swift */,
				D83E8DA41BFF5E6A00477D2A /* LocationVisitCell.swift */,
				D8FC0A511BFF570D00AB660A /* Main.storyboard */,
			);
			name = "User Interface";
			sourceTree = "<group>";
		};
		D8F3DFCF1C130EFB00EA0F16 /* AppleVisits */ = {
			isa = PBXGroup;
			children = (
				D89A1F841C138FE600CEBF53 /* AppDelegate.swift */,
				D89A1F851C138FE600CEBF53 /* LocationItem.swift */,
				D8F3DFDC1C13129D00EA0F16 /* Assets-AppleVisits.xcassets */,
				D87D528F1C12AA36000F345D /* LaunchScreen.storyboard */,
				D87CC4081C129607005666E4 /* Info.plist */,
			);
			path = AppleVisits;
			sourceTree = "<group>";
		};
		D8F3DFD01C130F1600EA0F16 /* Sense360 */ = {
			isa = PBXGroup;
			children = (
				D8F3DFDE1C1313F300EA0F16 /* Assets-Sense360.xcassets */,
				D8C6E71D1C131D5200F0C209 /* LaunchScreen.storyboard */,
				D87DFD331C12A35F00F8E721 /* Info.plist */,
			);
			path = Sense360;
			sourceTree = "<group>";
		};
		D8F3DFD11C130F2500EA0F16 /* Parkour Method */ = {
			isa = PBXGroup;
			children = (
				D89A1F8D1C13A6FF00CEBF53 /* AppDelegate.swift */,
				D89A1F8E1C13A6FF00CEBF53 /* LocationItem.swift */,
				D8F3DFE01C1314CA00EA0F16 /* Assets-ParkourMethod.xcassets */,
				D8C6E7191C131BB400F0C209 /* LaunchScreen.storyboard */,
				D87DFD4C1C12A38F00F8E721 /* Info.plist */,
				D89A1F931C13A7D100CEBF53 /* Bridging-Header.h */,
				D89A1F8A1C13A58300CEBF53 /* parkour.framework */,
			);
			name = "Parkour Method";
			path = ParkourMethod;
			sourceTree = "<group>";
		};
		D8F3DFE21C13171100EA0F16 /* LocationKit */ = {
			isa = PBXGroup;
			children = (
				D89A1F761C1350E900CEBF53 /* AppDelegate.swift */,
				D89A1F821C13681C00CEBF53 /* LocationItem.swift */,
				D8F3DFE31C13178200EA0F16 /* Assets-LocationKit.xcassets */,
				D8C6E7271C13217E00F0C209 /* LaunchScreen.storyboard */,
				D8FC0A591BFF570D00AB660A /* Info.plist */,
				D83E8D9C1BFF59BD00477D2A /* Bridging-Header.h */,
			);
			path = LocationKit;
			sourceTree = "<group>";
		};
		D8FC0A411BFF570D00AB660A = {
			isa = PBXGroup;
			children = (
				D8FC0A4C1BFF570D00AB660A /* Shared */,
				D8F3DFE21C13171100EA0F16 /* LocationKit */,
				D8F3DFCF1C130EFB00EA0F16 /* AppleVisits */,
				D8F3DFD01C130F1600EA0F16 /* Sense360 */,
				D8F3DFD11C130F2500EA0F16 /* Parkour Method */,
				D8FC0A4B1BFF570D00AB660A /* Products */,
				FDB88C2F0D68BB577A24CC11 /* Pods */,
				DD2FB4F7ED4B7F711A18F6E6 /* Frameworks */,
			);
			sourceTree = "<group>";
		};
		D8FC0A4B1BFF570D00AB660A /* Products */ = {
			isa = PBXGroup;
			children = (
				D8FC0A4A1BFF570D00AB660A /* LocationKitApp.app */,
				D87CC4071C129607005666E4 /* AppleVisitsApp.app */,
				D87DFD321C12A35F00F8E721 /* Sense360App.app */,
				D87DFD4B1C12A38F00F8E721 /* ParkourMethodApp.app */,
			);
			name = Products;
			sourceTree = "<group>";
		};
		D8FC0A4C1BFF570D00AB660A /* Shared */ = {
			isa = PBXGroup;
			children = (
				D8FC0A4D1BFF570D00AB660A /* BaseAppDelegate.swift */,
				D841432A1C00D3E800AFCC67 /* DayLocationInfo.swift */,
				D841433A1C01110100AFCC67 /* BaseLocationItem.swift */,
				D84143401C014BD700AFCC67 /* User Interface */,
				D8FC0A541BFF570D00AB660A /* Assets-Shared.xcassets */,
			);
			path = Shared;
			sourceTree = "<group>";
		};
		DD2FB4F7ED4B7F711A18F6E6 /* Frameworks */ = {
			isa = PBXGroup;
			children = (
				D89A1F941C13AA2F00CEBF53 /* AdSupport.framework */,
				D83E8DAB1BFF674200477D2A /* Pods.framework */,
				D83E8DA91BFF673B00477D2A /* Pods.framework */,
				0707CDDA7F84CBCC8EB274DD /* Pods.framework */,
				D83E8D9A1BFF597100477D2A /* MapKit.framework */,
			);
			name = Frameworks;
			sourceTree = "<group>";
		};
		FDB88C2F0D68BB577A24CC11 /* Pods */ = {
			isa = PBXGroup;
			children = (
				A9A947C858EDC481A3C6EFB2 /* Pods.debug.xcconfig */,
				B33730A44457B6BA9BB710A2 /* Pods.release.xcconfig */,
			);
			name = Pods;
			sourceTree = "<group>";
		};
/* End PBXGroup section */

/* Begin PBXNativeTarget section */
		D87CC3F01C129607005666E4 /* AppleVisitsApp */ = {
			isa = PBXNativeTarget;
			buildConfigurationList = D87CC4041C129607005666E4 /* Build configuration list for PBXNativeTarget "AppleVisitsApp" */;
			buildPhases = (
				D87CC3F11C129607005666E4 /* Check Pods Manifest.lock */,
				D87CC3F21C129607005666E4 /* Sources */,
				D87CC3FB1C129607005666E4 /* Frameworks */,
				D87CC3FE1C129607005666E4 /* Resources */,
				D87CC4021C129607005666E4 /* Embed Pods Frameworks */,
				D87CC4031C129607005666E4 /* Copy Pods Resources */,
			);
			buildRules = (
			);
			dependencies = (
			);
			name = AppleVisitsApp;
			productName = LocationKitApp;
			productReference = D87CC4071C129607005666E4 /* AppleVisitsApp.app */;
			productType = "com.apple.product-type.application";
		};
		D87DFD1B1C12A35F00F8E721 /* Sense360App */ = {
			isa = PBXNativeTarget;
			buildConfigurationList = D87DFD2F1C12A35F00F8E721 /* Build configuration list for PBXNativeTarget "Sense360App" */;
			buildPhases = (
				D87DFD1C1C12A35F00F8E721 /* Check Pods Manifest.lock */,
				D87DFD1D1C12A35F00F8E721 /* Sources */,
				D87DFD261C12A35F00F8E721 /* Frameworks */,
				D87DFD291C12A35F00F8E721 /* Resources */,
				D87DFD2D1C12A35F00F8E721 /* Embed Pods Frameworks */,
				D87DFD2E1C12A35F00F8E721 /* Copy Pods Resources */,
			);
			buildRules = (
			);
			dependencies = (
			);
			name = Sense360App;
			productName = LocationKitApp;
			productReference = D87DFD321C12A35F00F8E721 /* Sense360App.app */;
			productType = "com.apple.product-type.application";
		};
		D87DFD341C12A38F00F8E721 /* ParkourMethodApp */ = {
			isa = PBXNativeTarget;
			buildConfigurationList = D87DFD481C12A38F00F8E721 /* Build configuration list for PBXNativeTarget "ParkourMethodApp" */;
			buildPhases = (
				D87DFD351C12A38F00F8E721 /* Check Pods Manifest.lock */,
				D87DFD361C12A38F00F8E721 /* Sources */,
				D87DFD3F1C12A38F00F8E721 /* Frameworks */,
				D87DFD421C12A38F00F8E721 /* Resources */,
				D87DFD461C12A38F00F8E721 /* Embed Pods Frameworks */,
				D87DFD471C12A38F00F8E721 /* Copy Pods Resources */,
			);
			buildRules = (
			);
			dependencies = (
			);
			name = ParkourMethodApp;
			productName = LocationKitApp;
			productReference = D87DFD4B1C12A38F00F8E721 /* ParkourMethodApp.app */;
			productType = "com.apple.product-type.application";
		};
		D8FC0A491BFF570D00AB660A /* LocationKitApp */ = {
			isa = PBXNativeTarget;
			buildConfigurationList = D8FC0A721BFF570D00AB660A /* Build configuration list for PBXNativeTarget "LocationKitApp" */;
			buildPhases = (
				3FA555E6F66F3B48AD205C53 /* Check Pods Manifest.lock */,
				D8FC0A461BFF570D00AB660A /* Sources */,
				D8FC0A471BFF570D00AB660A /* Frameworks */,
				D8FC0A481BFF570D00AB660A /* Resources */,
				82DF6F9C82E12F3960EA2412 /* Embed Pods Frameworks */,
				4EB5ECEFE19B5156480D9F5C /* Copy Pods Resources */,
			);
			buildRules = (
			);
			dependencies = (
			);
			name = LocationKitApp;
			productName = LocationKitApp;
			productReference = D8FC0A4A1BFF570D00AB660A /* LocationKitApp.app */;
			productType = "com.apple.product-type.application";
		};
/* End PBXNativeTarget section */

/* Begin PBXProject section */
		D8FC0A421BFF570D00AB660A /* Project object */ = {
			isa = PBXProject;
			attributes = {
				LastSwiftUpdateCheck = 0710;
				LastUpgradeCheck = 0710;
				ORGANIZATIONNAME = SocialRadar;
				TargetAttributes = {
					D8FC0A491BFF570D00AB660A = {
						CreatedOnToolsVersion = 7.1.1;
						SystemCapabilities = {
							com.apple.BackgroundModes = {
								enabled = 1;
							};
							com.apple.Maps.iOS = {
								enabled = 1;
							};
						};
					};
				};
			};
			buildConfigurationList = D8FC0A451BFF570D00AB660A /* Build configuration list for PBXProject "LocationKitApp" */;
			compatibilityVersion = "Xcode 3.2";
			developmentRegion = English;
			hasScannedForEncodings = 0;
			knownRegions = (
				en,
				Base,
			);
			mainGroup = D8FC0A411BFF570D00AB660A;
			productRefGroup = D8FC0A4B1BFF570D00AB660A /* Products */;
			projectDirPath = "";
			projectRoot = "";
			targets = (
				D8FC0A491BFF570D00AB660A /* LocationKitApp */,
				D87CC3F01C129607005666E4 /* AppleVisitsApp */,
				D87DFD1B1C12A35F00F8E721 /* Sense360App */,
				D87DFD341C12A38F00F8E721 /* ParkourMethodApp */,
			);
		};
/* End PBXProject section */

/* Begin PBXResourcesBuildPhase section */
		D87CC3FE1C129607005666E4 /* Resources */ = {
			isa = PBXResourcesBuildPhase;
			buildActionMask = 2147483647;
			files = (
				D87D52901C12AA36000F345D /* LaunchScreen.storyboard in Resources */,
				D87D52991C12AF5A000F345D /* Assets-Shared.xcassets in Resources */,
				D87CC4011C129607005666E4 /* Main.storyboard in Resources */,
				D8F3DFDD1C13129D00EA0F16 /* Assets-AppleVisits.xcassets in Resources */,
			);
			runOnlyForDeploymentPostprocessing = 0;
		};
		D87DFD291C12A35F00F8E721 /* Resources */ = {
			isa = PBXResourcesBuildPhase;
			buildActionMask = 2147483647;
			files = (
				D87D52971C12AF48000F345D /* Assets-Shared.xcassets in Resources */,
				D8C6E7201C131D5800F0C209 /* LaunchScreen.storyboard in Resources */,
				D87DFD2C1C12A35F00F8E721 /* Main.storyboard in Resources */,
				D8F3DFDF1C1313F300EA0F16 /* Assets-Sense360.xcassets in Resources */,
			);
			runOnlyForDeploymentPostprocessing = 0;
		};
		D87DFD421C12A38F00F8E721 /* Resources */ = {
			isa = PBXResourcesBuildPhase;
			buildActionMask = 2147483647;
			files = (
				D87D52981C12AF59000F345D /* Assets-Shared.xcassets in Resources */,
				D8C6E7231C131F6000F0C209 /* LaunchScreen.storyboard in Resources */,
				D8F3DFE11C1314CA00EA0F16 /* Assets-ParkourMethod.xcassets in Resources */,
				D87DFD451C12A38F00F8E721 /* Main.storyboard in Resources */,
			);
			runOnlyForDeploymentPostprocessing = 0;
		};
		D8FC0A481BFF570D00AB660A /* Resources */ = {
			isa = PBXResourcesBuildPhase;
			buildActionMask = 2147483647;
			files = (
				D8F3DFE41C13178200EA0F16 /* Assets-LocationKit.xcassets in Resources */,
				D87D529A1C12AF5B000F345D /* Assets-Shared.xcassets in Resources */,
				D8C6E7361C1332D900F0C209 /* LaunchScreen.storyboard in Resources */,
				D8FC0A531BFF570D00AB660A /* Main.storyboard in Resources */,
			);
			runOnlyForDeploymentPostprocessing = 0;
		};
/* End PBXResourcesBuildPhase section */

/* Begin PBXShellScriptBuildPhase section */
		3FA555E6F66F3B48AD205C53 /* Check Pods Manifest.lock */ = {
			isa = PBXShellScriptBuildPhase;
			buildActionMask = 2147483647;
			files = (
			);
			inputPaths = (
			);
			name = "Check Pods Manifest.lock";
			outputPaths = (
			);
			runOnlyForDeploymentPostprocessing = 0;
			shellPath = /bin/sh;
			shellScript = "diff \"${PODS_ROOT}/../Podfile.lock\" \"${PODS_ROOT}/Manifest.lock\" > /dev/null\nif [[ $? != 0 ]] ; then\n    cat << EOM\nerror: The sandbox is not in sync with the Podfile.lock. Run 'pod install' or update your CocoaPods installation.\nEOM\n    exit 1\nfi\n";
			showEnvVarsInLog = 0;
		};
		4EB5ECEFE19B5156480D9F5C /* Copy Pods Resources */ = {
			isa = PBXShellScriptBuildPhase;
			buildActionMask = 2147483647;
			files = (
			);
			inputPaths = (
			);
			name = "Copy Pods Resources";
			outputPaths = (
			);
			runOnlyForDeploymentPostprocessing = 0;
			shellPath = /bin/sh;
			shellScript = "\"${SRCROOT}/Pods/Target Support Files/Pods/Pods-resources.sh\"\n";
			showEnvVarsInLog = 0;
		};
		82DF6F9C82E12F3960EA2412 /* Embed Pods Frameworks */ = {
			isa = PBXShellScriptBuildPhase;
			buildActionMask = 2147483647;
			files = (
			);
			inputPaths = (
			);
			name = "Embed Pods Frameworks";
			outputPaths = (
			);
			runOnlyForDeploymentPostprocessing = 0;
			shellPath = /bin/sh;
			shellScript = "\"${SRCROOT}/Pods/Target Support Files/Pods/Pods-frameworks.sh\"\n";
			showEnvVarsInLog = 0;
		};
		D87CC3F11C129607005666E4 /* Check Pods Manifest.lock */ = {
			isa = PBXShellScriptBuildPhase;
			buildActionMask = 2147483647;
			files = (
			);
			inputPaths = (
			);
			name = "Check Pods Manifest.lock";
			outputPaths = (
			);
			runOnlyForDeploymentPostprocessing = 0;
			shellPath = /bin/sh;
			shellScript = "diff \"${PODS_ROOT}/../Podfile.lock\" \"${PODS_ROOT}/Manifest.lock\" > /dev/null\nif [[ $? != 0 ]] ; then\n    cat << EOM\nerror: The sandbox is not in sync with the Podfile.lock. Run 'pod install' or update your CocoaPods installation.\nEOM\n    exit 1\nfi\n";
			showEnvVarsInLog = 0;
		};
		D87CC4021C129607005666E4 /* Embed Pods Frameworks */ = {
			isa = PBXShellScriptBuildPhase;
			buildActionMask = 2147483647;
			files = (
			);
			inputPaths = (
			);
			name = "Embed Pods Frameworks";
			outputPaths = (
			);
			runOnlyForDeploymentPostprocessing = 0;
			shellPath = /bin/sh;
			shellScript = "\"${SRCROOT}/Pods/Target Support Files/Pods/Pods-frameworks.sh\"\n";
			showEnvVarsInLog = 0;
		};
		D87CC4031C129607005666E4 /* Copy Pods Resources */ = {
			isa = PBXShellScriptBuildPhase;
			buildActionMask = 2147483647;
			files = (
			);
			inputPaths = (
			);
			name = "Copy Pods Resources";
			outputPaths = (
			);
			runOnlyForDeploymentPostprocessing = 0;
			shellPath = /bin/sh;
			shellScript = "\"${SRCROOT}/Pods/Target Support Files/Pods/Pods-resources.sh\"\n";
			showEnvVarsInLog = 0;
		};
		D87DFD1C1C12A35F00F8E721 /* Check Pods Manifest.lock */ = {
			isa = PBXShellScriptBuildPhase;
			buildActionMask = 2147483647;
			files = (
			);
			inputPaths = (
			);
			name = "Check Pods Manifest.lock";
			outputPaths = (
			);
			runOnlyForDeploymentPostprocessing = 0;
			shellPath = /bin/sh;
			shellScript = "diff \"${PODS_ROOT}/../Podfile.lock\" \"${PODS_ROOT}/Manifest.lock\" > /dev/null\nif [[ $? != 0 ]] ; then\n    cat << EOM\nerror: The sandbox is not in sync with the Podfile.lock. Run 'pod install' or update your CocoaPods installation.\nEOM\n    exit 1\nfi\n";
			showEnvVarsInLog = 0;
		};
		D87DFD2D1C12A35F00F8E721 /* Embed Pods Frameworks */ = {
			isa = PBXShellScriptBuildPhase;
			buildActionMask = 2147483647;
			files = (
			);
			inputPaths = (
			);
			name = "Embed Pods Frameworks";
			outputPaths = (
			);
			runOnlyForDeploymentPostprocessing = 0;
			shellPath = /bin/sh;
			shellScript = "\"${SRCROOT}/Pods/Target Support Files/Pods/Pods-frameworks.sh\"\n";
			showEnvVarsInLog = 0;
		};
		D87DFD2E1C12A35F00F8E721 /* Copy Pods Resources */ = {
			isa = PBXShellScriptBuildPhase;
			buildActionMask = 2147483647;
			files = (
			);
			inputPaths = (
			);
			name = "Copy Pods Resources";
			outputPaths = (
			);
			runOnlyForDeploymentPostprocessing = 0;
			shellPath = /bin/sh;
			shellScript = "\"${SRCROOT}/Pods/Target Support Files/Pods/Pods-resources.sh\"\n";
			showEnvVarsInLog = 0;
		};
		D87DFD351C12A38F00F8E721 /* Check Pods Manifest.lock */ = {
			isa = PBXShellScriptBuildPhase;
			buildActionMask = 2147483647;
			files = (
			);
			inputPaths = (
			);
			name = "Check Pods Manifest.lock";
			outputPaths = (
			);
			runOnlyForDeploymentPostprocessing = 0;
			shellPath = /bin/sh;
			shellScript = "diff \"${PODS_ROOT}/../Podfile.lock\" \"${PODS_ROOT}/Manifest.lock\" > /dev/null\nif [[ $? != 0 ]] ; then\n    cat << EOM\nerror: The sandbox is not in sync with the Podfile.lock. Run 'pod install' or update your CocoaPods installation.\nEOM\n    exit 1\nfi\n";
			showEnvVarsInLog = 0;
		};
		D87DFD461C12A38F00F8E721 /* Embed Pods Frameworks */ = {
			isa = PBXShellScriptBuildPhase;
			buildActionMask = 2147483647;
			files = (
			);
			inputPaths = (
			);
			name = "Embed Pods Frameworks";
			outputPaths = (
			);
			runOnlyForDeploymentPostprocessing = 0;
			shellPath = /bin/sh;
			shellScript = "\"${SRCROOT}/Pods/Target Support Files/Pods/Pods-frameworks.sh\"\n";
			showEnvVarsInLog = 0;
		};
		D87DFD471C12A38F00F8E721 /* Copy Pods Resources */ = {
			isa = PBXShellScriptBuildPhase;
			buildActionMask = 2147483647;
			files = (
			);
			inputPaths = (
			);
			name = "Copy Pods Resources";
			outputPaths = (
			);
			runOnlyForDeploymentPostprocessing = 0;
			shellPath = /bin/sh;
			shellScript = "\"${SRCROOT}/Pods/Target Support Files/Pods/Pods-resources.sh\"\n";
			showEnvVarsInLog = 0;
		};
/* End PBXShellScriptBuildPhase section */

/* Begin PBXSourcesBuildPhase section */
		D87CC3F21C129607005666E4 /* Sources */ = {
			isa = PBXSourcesBuildPhase;
			buildActionMask = 2147483647;
			files = (
				D89A1F891C138FFC00CEBF53 /* AppDelegate.swift in Sources */,
				D87CC3F31C129607005666E4 /* LocationVisitCell.swift in Sources */,
				D87CC3F61C129607005666E4 /* LocationVisitsController.swift in Sources */,
				D89A1F7E1C13675900CEBF53 /* BaseLocationItem.swift in Sources */,
				D87CC3F91C129607005666E4 /* BaseAppDelegate.swift in Sources */,
				D89A1F811C13675E00CEBF53 /* DayLocationInfo.swift in Sources */,
				D87CC3FA1C129607005666E4 /* LocationMapController.swift in Sources */,
				D89A1F881C138FF700CEBF53 /* LocationItem.swift in Sources */,
			);
			runOnlyForDeploymentPostprocessing = 0;
		};
		D87DFD1D1C12A35F00F8E721 /* Sources */ = {
			isa = PBXSourcesBuildPhase;
			buildActionMask = 2147483647;
			files = (
				D87DFD1E1C12A35F00F8E721 /* LocationVisitCell.swift in Sources */,
				D87DFD211C12A35F00F8E721 /* LocationVisitsController.swift in Sources */,
				D89A1F7D1C13675800CEBF53 /* BaseLocationItem.swift in Sources */,
				D87DFD241C12A35F00F8E721 /* BaseAppDelegate.swift in Sources */,
				D89A1F801C13675D00CEBF53 /* DayLocationInfo.swift in Sources */,
				D87DFD251C12A35F00F8E721 /* LocationMapController.swift in Sources */,
			);
			runOnlyForDeploymentPostprocessing = 0;
		};
		D87DFD361C12A38F00F8E721 /* Sources */ = {
			isa = PBXSourcesBuildPhase;
			buildActionMask = 2147483647;
			files = (
				D87DFD371C12A38F00F8E721 /* LocationVisitCell.swift in Sources */,
				D87DFD3A1C12A38F00F8E721 /* LocationVisitsController.swift in Sources */,
				D89A1F7C1C13675800CEBF53 /* BaseLocationItem.swift in Sources */,
				D87DFD3D1C12A38F00F8E721 /* BaseAppDelegate.swift in Sources */,
				D89A1F911C13A70500CEBF53 /* AppDelegate.swift in Sources */,
				D89A1F921C13A70800CEBF53 /* LocationItem.swift in Sources */,
				D89A1F7F1C13675C00CEBF53 /* DayLocationInfo.swift in Sources */,
				D87DFD3E1C12A38F00F8E721 /* LocationMapController.swift in Sources */,
			);
			runOnlyForDeploymentPostprocessing = 0;
		};
		D8FC0A461BFF570D00AB660A /* Sources */ = {
			isa = PBXSourcesBuildPhase;
			buildActionMask = 2147483647;
			files = (
				D83E8DA51BFF5E6A00477D2A /* LocationVisitCell.swift in Sources */,
				D89A1F831C13681C00CEBF53 /* LocationItem.swift in Sources */,
				D89A1F7B1C13666800CEBF53 /* BaseLocationItem.swift in Sources */,
				D83E8D991BFF595700477D2A /* LocationVisitsController.swift in Sources */,
				D841432B1C00D3E800AFCC67 /* DayLocationInfo.swift in Sources */,
				D8FC0A4E1BFF570D00AB660A /* BaseAppDelegate.swift in Sources */,
				D89A1F771C1350E900CEBF53 /* AppDelegate.swift in Sources */,
				D84143371C00DE1A00AFCC67 /* LocationMapController.swift in Sources */,
			);
			runOnlyForDeploymentPostprocessing = 0;
		};
/* End PBXSourcesBuildPhase section */

/* Begin PBXVariantGroup section */
		D8C6E7191C131BB400F0C209 /* LaunchScreen.storyboard */ = {
			isa = PBXVariantGroup;
			children = (
				D8C6E71A1C131BB400F0C209 /* Base */,
			);
			name = LaunchScreen.storyboard;
			sourceTree = "<group>";
		};
		D8C6E71D1C131D5200F0C209 /* LaunchScreen.storyboard */ = {
			isa = PBXVariantGroup;
			children = (
				D8C6E71E1C131D5200F0C209 /* Base */,
			);
			name = LaunchScreen.storyboard;
			sourceTree = "<group>";
		};
		D8C6E7271C13217E00F0C209 /* LaunchScreen.storyboard */ = {
			isa = PBXVariantGroup;
			children = (
				D8C6E7281C13217F00F0C209 /* Base */,
			);
			name = LaunchScreen.storyboard;
			sourceTree = "<group>";
		};
		D8FC0A511BFF570D00AB660A /* Main.storyboard */ = {
			isa = PBXVariantGroup;
			children = (
				D8FC0A521BFF570D00AB660A /* Base */,
			);
			name = Main.storyboard;
			sourceTree = "<group>";
		};
/* End PBXVariantGroup section */

/* Begin XCBuildConfiguration section */
		D87CC4051C129607005666E4 /* Debug */ = {
			isa = XCBuildConfiguration;
			baseConfigurationReference = A9A947C858EDC481A3C6EFB2 /* Pods.debug.xcconfig */;
			buildSettings = {
				ASSETCATALOG_COMPILER_APPICON_NAME = "AppIcon-AppleVisits";
				CLANG_ENABLE_MODULES = YES;
				CODE_SIGN_IDENTITY = "iPhone Developer";
				"CODE_SIGN_IDENTITY[sdk=iphoneos*]" = "iPhone Developer";
				ENABLE_BITCODE = YES;
				INFOPLIST_FILE = AppleVisits/Info.plist;
				IPHONEOS_DEPLOYMENT_TARGET = 8.0;
				LD_RUNPATH_SEARCH_PATHS = "$(inherited) @executable_path/Frameworks";
				PRODUCT_BUNDLE_IDENTIFIER = com.socialradar.testapp.applevisits;
				PRODUCT_NAME = "$(TARGET_NAME)";
				PROVISIONING_PROFILE = "";
				SWIFT_OPTIMIZATION_LEVEL = "-Onone";
			};
			name = Debug;
		};
		D87CC4061C129607005666E4 /* Release */ = {
			isa = XCBuildConfiguration;
			baseConfigurationReference = B33730A44457B6BA9BB710A2 /* Pods.release.xcconfig */;
			buildSettings = {
				ASSETCATALOG_COMPILER_APPICON_NAME = "AppIcon-AppleVisits";
				CLANG_ENABLE_MODULES = YES;
				CODE_SIGN_IDENTITY = "iPhone Developer";
				"CODE_SIGN_IDENTITY[sdk=iphoneos*]" = "iPhone Developer";
				ENABLE_BITCODE = YES;
				INFOPLIST_FILE = AppleVisits/Info.plist;
				IPHONEOS_DEPLOYMENT_TARGET = 8.0;
				LD_RUNPATH_SEARCH_PATHS = "$(inherited) @executable_path/Frameworks";
				PRODUCT_BUNDLE_IDENTIFIER = com.socialradar.testapp.applevisits;
				PRODUCT_NAME = "$(TARGET_NAME)";
				PROVISIONING_PROFILE = "";
			};
			name = Release;
		};
		D87DFD301C12A35F00F8E721 /* Debug */ = {
			isa = XCBuildConfiguration;
			baseConfigurationReference = A9A947C858EDC481A3C6EFB2 /* Pods.debug.xcconfig */;
			buildSettings = {
				ASSETCATALOG_COMPILER_APPICON_NAME = "AppIcon-Sense360";
				CLANG_ENABLE_MODULES = YES;
				CODE_SIGN_IDENTITY = "iPhone Developer";
				"CODE_SIGN_IDENTITY[sdk=iphoneos*]" = "iPhone Developer";
				ENABLE_BITCODE = YES;
				INFOPLIST_FILE = Sense360/Info.plist;
				IPHONEOS_DEPLOYMENT_TARGET = 8.0;
				LD_RUNPATH_SEARCH_PATHS = "$(inherited) @executable_path/Frameworks";
				PRODUCT_BUNDLE_IDENTIFIER = com.socialradar.testapp.sense360;
				PRODUCT_NAME = "$(TARGET_NAME)";
				PROVISIONING_PROFILE = "";
				SWIFT_OBJC_BRIDGING_HEADER = "LocationKitApp-Bridging-Header.h";
				SWIFT_OPTIMIZATION_LEVEL = "-Onone";
			};
			name = Debug;
		};
		D87DFD311C12A35F00F8E721 /* Release */ = {
			isa = XCBuildConfiguration;
			baseConfigurationReference = B33730A44457B6BA9BB710A2 /* Pods.release.xcconfig */;
			buildSettings = {
				ASSETCATALOG_COMPILER_APPICON_NAME = "AppIcon-Sense360";
				CLANG_ENABLE_MODULES = YES;
				CODE_SIGN_IDENTITY = "iPhone Developer";
				"CODE_SIGN_IDENTITY[sdk=iphoneos*]" = "iPhone Developer";
				ENABLE_BITCODE = YES;
				INFOPLIST_FILE = Sense360/Info.plist;
				IPHONEOS_DEPLOYMENT_TARGET = 8.0;
				LD_RUNPATH_SEARCH_PATHS = "$(inherited) @executable_path/Frameworks";
				PRODUCT_BUNDLE_IDENTIFIER = com.socialradar.testapp.sense360;
				PRODUCT_NAME = "$(TARGET_NAME)";
				PROVISIONING_PROFILE = "";
				SWIFT_OBJC_BRIDGING_HEADER = "LocationKitApp-Bridging-Header.h";
			};
			name = Release;
		};
		D87DFD491C12A38F00F8E721 /* Debug */ = {
			isa = XCBuildConfiguration;
			baseConfigurationReference = A9A947C858EDC481A3C6EFB2 /* Pods.debug.xcconfig */;
			buildSettings = {
				ASSETCATALOG_COMPILER_APPICON_NAME = "AppIcon-ParkourMethod";
				CLANG_ENABLE_MODULES = YES;
				CODE_SIGN_IDENTITY = "iPhone Developer";
				"CODE_SIGN_IDENTITY[sdk=iphoneos*]" = "iPhone Developer";
				ENABLE_BITCODE = YES;
				FRAMEWORK_SEARCH_PATHS = (
					"$(inherited)",
					"$(PROJECT_DIR)/ParkourMethod",
				);
				INFOPLIST_FILE = ParkourMethod/Info.plist;
				IPHONEOS_DEPLOYMENT_TARGET = 8.0;
				LD_RUNPATH_SEARCH_PATHS = "$(inherited) @executable_path/Frameworks";
				PRODUCT_BUNDLE_IDENTIFIER = com.socialradar.testapp.parkourmethod;
				PRODUCT_NAME = "$(TARGET_NAME)";
				PROVISIONING_PROFILE = "";
				SWIFT_OBJC_BRIDGING_HEADER = "ParkourMethod/Bridging-Header.h";
				SWIFT_OPTIMIZATION_LEVEL = "-Onone";
			};
			name = Debug;
		};
		D87DFD4A1C12A38F00F8E721 /* Release */ = {
			isa = XCBuildConfiguration;
			baseConfigurationReference = B33730A44457B6BA9BB710A2 /* Pods.release.xcconfig */;
			buildSettings = {
				ASSETCATALOG_COMPILER_APPICON_NAME = "AppIcon-ParkourMethod";
				CLANG_ENABLE_MODULES = YES;
				CODE_SIGN_IDENTITY = "iPhone Developer";
				"CODE_SIGN_IDENTITY[sdk=iphoneos*]" = "iPhone Developer";
				ENABLE_BITCODE = YES;
				FRAMEWORK_SEARCH_PATHS = (
					"$(inherited)",
					"$(PROJECT_DIR)/ParkourMethod",
				);
				INFOPLIST_FILE = ParkourMethod/Info.plist;
				IPHONEOS_DEPLOYMENT_TARGET = 8.0;
				LD_RUNPATH_SEARCH_PATHS = "$(inherited) @executable_path/Frameworks";
				PRODUCT_BUNDLE_IDENTIFIER = com.socialradar.testapp.parkourmethod;
				PRODUCT_NAME = "$(TARGET_NAME)";
				PROVISIONING_PROFILE = "";
				SWIFT_OBJC_BRIDGING_HEADER = "ParkourMethod/Bridging-Header.h";
			};
			name = Release;
		};
		D8FC0A701BFF570D00AB660A /* Debug */ = {
			isa = XCBuildConfiguration;
			buildSettings = {
				ALWAYS_SEARCH_USER_PATHS = NO;
				CLANG_CXX_LANGUAGE_STANDARD = "gnu++0x";
				CLANG_CXX_LIBRARY = "libc++";
				CLANG_ENABLE_MODULES = YES;
				CLANG_ENABLE_OBJC_ARC = YES;
				CLANG_WARN_BOOL_CONVERSION = YES;
				CLANG_WARN_CONSTANT_CONVERSION = YES;
				CLANG_WARN_DIRECT_OBJC_ISA_USAGE = YES_ERROR;
				CLANG_WARN_EMPTY_BODY = YES;
				CLANG_WARN_ENUM_CONVERSION = YES;
				CLANG_WARN_INT_CONVERSION = YES;
				CLANG_WARN_OBJC_ROOT_CLASS = YES_ERROR;
				CLANG_WARN_UNREACHABLE_CODE = YES;
				CLANG_WARN__DUPLICATE_METHOD_MATCH = YES;
				"CODE_SIGN_IDENTITY[sdk=iphoneos*]" = "iPhone Developer";
				COPY_PHASE_STRIP = NO;
				DEBUG_INFORMATION_FORMAT = dwarf;
				ENABLE_STRICT_OBJC_MSGSEND = YES;
				ENABLE_TESTABILITY = YES;
				GCC_C_LANGUAGE_STANDARD = gnu99;
				GCC_DYNAMIC_NO_PIC = NO;
				GCC_NO_COMMON_BLOCKS = YES;
				GCC_OPTIMIZATION_LEVEL = 0;
				GCC_PREPROCESSOR_DEFINITIONS = (
					"DEBUG=1",
					"$(inherited)",
				);
				GCC_WARN_64_TO_32_BIT_CONVERSION = YES;
				GCC_WARN_ABOUT_RETURN_TYPE = YES_ERROR;
				GCC_WARN_UNDECLARED_SELECTOR = YES;
				GCC_WARN_UNINITIALIZED_AUTOS = YES_AGGRESSIVE;
				GCC_WARN_UNUSED_FUNCTION = YES;
				GCC_WARN_UNUSED_VARIABLE = YES;
				IPHONEOS_DEPLOYMENT_TARGET = 9.1;
				MTL_ENABLE_DEBUG_INFO = YES;
				ONLY_ACTIVE_ARCH = YES;
				SDKROOT = iphoneos;
				SWIFT_OPTIMIZATION_LEVEL = "-Onone";
				TARGETED_DEVICE_FAMILY = "1,2";
			};
			name = Debug;
		};
		D8FC0A711BFF570D00AB660A /* Release */ = {
			isa = XCBuildConfiguration;
			buildSettings = {
				ALWAYS_SEARCH_USER_PATHS = NO;
				CLANG_CXX_LANGUAGE_STANDARD = "gnu++0x";
				CLANG_CXX_LIBRARY = "libc++";
				CLANG_ENABLE_MODULES = YES;
				CLANG_ENABLE_OBJC_ARC = YES;
				CLANG_WARN_BOOL_CONVERSION = YES;
				CLANG_WARN_CONSTANT_CONVERSION = YES;
				CLANG_WARN_DIRECT_OBJC_ISA_USAGE = YES_ERROR;
				CLANG_WARN_EMPTY_BODY = YES;
				CLANG_WARN_ENUM_CONVERSION = YES;
				CLANG_WARN_INT_CONVERSION = YES;
				CLANG_WARN_OBJC_ROOT_CLASS = YES_ERROR;
				CLANG_WARN_UNREACHABLE_CODE = YES;
				CLANG_WARN__DUPLICATE_METHOD_MATCH = YES;
				"CODE_SIGN_IDENTITY[sdk=iphoneos*]" = "iPhone Developer";
				COPY_PHASE_STRIP = NO;
				DEBUG_INFORMATION_FORMAT = "dwarf-with-dsym";
				ENABLE_NS_ASSERTIONS = NO;
				ENABLE_STRICT_OBJC_MSGSEND = YES;
				GCC_C_LANGUAGE_STANDARD = gnu99;
				GCC_NO_COMMON_BLOCKS = YES;
				GCC_WARN_64_TO_32_BIT_CONVERSION = YES;
				GCC_WARN_ABOUT_RETURN_TYPE = YES_ERROR;
				GCC_WARN_UNDECLARED_SELECTOR = YES;
				GCC_WARN_UNINITIALIZED_AUTOS = YES_AGGRESSIVE;
				GCC_WARN_UNUSED_FUNCTION = YES;
				GCC_WARN_UNUSED_VARIABLE = YES;
				IPHONEOS_DEPLOYMENT_TARGET = 9.1;
				MTL_ENABLE_DEBUG_INFO = NO;
				SDKROOT = iphoneos;
				TARGETED_DEVICE_FAMILY = "1,2";
				VALIDATE_PRODUCT = YES;
			};
			name = Release;
		};
		D8FC0A731BFF570D00AB660A /* Debug */ = {
			isa = XCBuildConfiguration;
			baseConfigurationReference = A9A947C858EDC481A3C6EFB2 /* Pods.debug.xcconfig */;
			buildSettings = {
				ASSETCATALOG_COMPILER_APPICON_NAME = AppIcon;
				CLANG_ENABLE_MODULES = YES;
				CODE_SIGN_IDENTITY = "iPhone Developer";
				"CODE_SIGN_IDENTITY[sdk=iphoneos*]" = "iPhone Developer";
				ENABLE_BITCODE = YES;
				FRAMEWORK_SEARCH_PATHS = (
					"$(inherited)",
					"$(PROJECT_DIR)/ParkourMethod",
				);
				INFOPLIST_FILE = LocationKit/Info.plist;
				IPHONEOS_DEPLOYMENT_TARGET = 8.0;
				LD_RUNPATH_SEARCH_PATHS = "$(inherited) @executable_path/Frameworks";
				PRODUCT_BUNDLE_IDENTIFIER = com.socialradar.LocationKitApp;
				PRODUCT_NAME = "$(TARGET_NAME)";
				PROVISIONING_PROFILE = "";
				SWIFT_OBJC_BRIDGING_HEADER = "LocationKit/Bridging-Header.h";
				SWIFT_OPTIMIZATION_LEVEL = "-Onone";
			};
			name = Debug;
		};
		D8FC0A741BFF570D00AB660A /* Release */ = {
			isa = XCBuildConfiguration;
			baseConfigurationReference = B33730A44457B6BA9BB710A2 /* Pods.release.xcconfig */;
			buildSettings = {
				ASSETCATALOG_COMPILER_APPICON_NAME = AppIcon;
				CLANG_ENABLE_MODULES = YES;
				CODE_SIGN_IDENTITY = "iPhone Developer";
				"CODE_SIGN_IDENTITY[sdk=iphoneos*]" = "iPhone Developer";
				ENABLE_BITCODE = YES;
				FRAMEWORK_SEARCH_PATHS = (
					"$(inherited)",
					"$(PROJECT_DIR)/ParkourMethod",
				);
				INFOPLIST_FILE = LocationKit/Info.plist;
				IPHONEOS_DEPLOYMENT_TARGET = 8.0;
				LD_RUNPATH_SEARCH_PATHS = "$(inherited) @executable_path/Frameworks";
				PRODUCT_BUNDLE_IDENTIFIER = com.socialradar.LocationKitApp;
				PRODUCT_NAME = "$(TARGET_NAME)";
				PROVISIONING_PROFILE = "";
				SWIFT_OBJC_BRIDGING_HEADER = "LocationKit/Bridging-Header.h";
			};
			name = Release;
		};
/* End XCBuildConfiguration section */

/* Begin XCConfigurationList section */
		D87CC4041C129607005666E4 /* Build configuration list for PBXNativeTarget "AppleVisitsApp" */ = {
			isa = XCConfigurationList;
			buildConfigurations = (
				D87CC4051C129607005666E4 /* Debug */,
				D87CC4061C129607005666E4 /* Release */,
			);
			defaultConfigurationIsVisible = 0;
			defaultConfigurationName = Release;
		};
		D87DFD2F1C12A35F00F8E721 /* Build configuration list for PBXNativeTarget "Sense360App" */ = {
			isa = XCConfigurationList;
			buildConfigurations = (
				D87DFD301C12A35F00F8E721 /* Debug */,
				D87DFD311C12A35F00F8E721 /* Release */,
			);
			defaultConfigurationIsVisible = 0;
			defaultConfigurationName = Release;
		};
		D87DFD481C12A38F00F8E721 /* Build configuration list for PBXNativeTarget "ParkourMethodApp" */ = {
			isa = XCConfigurationList;
			buildConfigurations = (
				D87DFD491C12A38F00F8E721 /* Debug */,
				D87DFD4A1C12A38F00F8E721 /* Release */,
			);
			defaultConfigurationIsVisible = 0;
			defaultConfigurationName = Release;
		};
		D8FC0A451BFF570D00AB660A /* Build configuration list for PBXProject "LocationKitApp" */ = {
			isa = XCConfigurationList;
			buildConfigurations = (
				D8FC0A701BFF570D00AB660A /* Debug */,
				D8FC0A711BFF570D00AB660A /* Release */,
			);
			defaultConfigurationIsVisible = 0;
			defaultConfigurationName = Release;
		};
		D8FC0A721BFF570D00AB660A /* Build configuration list for PBXNativeTarget "LocationKitApp" */ = {
			isa = XCConfigurationList;
			buildConfigurations = (
				D8FC0A731BFF570D00AB660A /* Debug */,
				D8FC0A741BFF570D00AB660A /* Release */,
			);
			defaultConfigurationIsVisible = 0;
			defaultConfigurationName = Release;
		};
/* End XCConfigurationList section */
	};
	rootObject = D8FC0A421BFF570D00AB660A /* Project object */;
}
